
Microsoft Visual Studio Solution File, Format Version 12.00
# Visual Studio Version 17
VisualStudioVersion = 17.5.33424.131
MinimumVisualStudioVersion = 10.0.40219.1
Project("{2150E333-8FDC-42A3-9474-1A3956D46DE8}") = "Services", "Services", "{7A0E3B42-39C8-4B8C-B62D-FD5A1B667415}"
EndProject
Project("{2150E333-8FDC-42A3-9474-1A3956D46DE8}") = "Catalog", "Catalog", "{7B8A4F01-1CC6-4766-BE42-B898D9556C1B}"
EndProject
Project("{9A19103F-16F7-4668-BE54-9A1E7A4F7556}") = "Catalog.API", "Services\Catalog\Catalog.API\Catalog.API.csproj", "{D69B32AD-35D4-4325-B00C-FFD0CB5595CE}"
EndProject
Project("{2150E333-8FDC-42A3-9474-1A3956D46DE8}") = "Basket", "Basket", "{32CF042C-A0D0-4F7B-8FBE-8B285420F2D1}"
EndProject
Project("{9A19103F-16F7-4668-BE54-9A1E7A4F7556}") = "Basket.API", "Services\Basket\Basket.API\Basket.API.csproj", "{48FD1138-7F17-4442-AD72-E1B1BD7609D8}"
EndProject
Project("{2150E333-8FDC-42A3-9474-1A3956D46DE8}") = "Discount", "Discount", "{E8F95CFC-4A3A-4C8A-B3AF-34EFA3C639AC}"
EndProject
Project("{9A19103F-16F7-4668-BE54-9A1E7A4F7556}") = "Discount.API", "Services\Discount\Discount.API\Discount.API.csproj", "{AB3A570C-34D5-46AC-A44A-38476CF0F26B}"
EndProject
Project("{9A19103F-16F7-4668-BE54-9A1E7A4F7556}") = "Discount.Grpc", "Services\Discount\Discount.Grpc\Discount.Grpc.csproj", "{7D73E291-7AD8-4ED4-BDA6-B595233A4414}"
EndProject
Project("{2150E333-8FDC-42A3-9474-1A3956D46DE8}") = "Solution Items", "Solution Items", "{905CD1FD-D9E1-4C3F-B08D-A4E82608BCDA}"
	ProjectSection(SolutionItems) = preProject
		docker-compose.yml = docker-compose.yml
	EndProjectSection
EndProject
Project("{2150E333-8FDC-42A3-9474-1A3956D46DE8}") = "Ordering", "Ordering", "{80B47DA9-1901-4C8F-916A-BEF2E2657AEE}"
EndProject
Project("{9A19103F-16F7-4668-BE54-9A1E7A4F7556}") = "Ordering.API", "Services\Ordering\Ordering.API\Ordering.API.csproj", "{A89CBA30-3898-4698-8656-4BF8DC34E2B7}"
EndProject
Project("{9A19103F-16F7-4668-BE54-9A1E7A4F7556}") = "Ordering.Domain", "Services\Ordering\Ordering.Domain\Ordering.Domain.csproj", "{96EB91C7-AEDA-4299-8D1B-D644BD0B9758}"
EndProject
Project("{9A19103F-16F7-4668-BE54-9A1E7A4F7556}") = "Ordering.Application", "Services\Ordering\Ordering.Application\Ordering.Application.csproj", "{C9ADE6F2-A129-43EA-9797-9AED53A2E2C9}"
EndProject
Project("{9A19103F-16F7-4668-BE54-9A1E7A4F7556}") = "Ordering.Infrastructure", "Services\Ordering\Ordering.Infrastructure\Ordering.Infrastructure.csproj", "{353991FA-0C86-4B2E-ABA4-A485C0067058}"
EndProject
Project("{2150E333-8FDC-42A3-9474-1A3956D46DE8}") = "BuildingBlocks", "BuildingBlocks", "{BCFBA318-9479-49FD-AEE6-3982B364E2B8}"
EndProject
Project("{9A19103F-16F7-4668-BE54-9A1E7A4F7556}") = "EventBus.Messages", "BuildingBlocks\EventBus.Messages\EventBus.Messages.csproj", "{624E551A-CEF9-49D7-B9AA-6CDE84F37EF1}"
EndProject
Project("{FAE04EC0-301F-11D3-BF4B-00C04F79EFBC}") = "OcelotApiGw", "ApiGateways\OcelotApiGw\OcelotApiGw.csproj", "{6CB40843-B6AA-46BC-A653-3C7B3C7A1FFC}"
EndProject
Project("{2150E333-8FDC-42A3-9474-1A3956D46DE8}") = "ApiGateways", "ApiGateways", "{B2194AFD-4449-4D18-8AA6-34AC0FBBC675}"
EndProject
Global
	GlobalSection(SolutionConfigurationPlatforms) = preSolution
		Debug|Any CPU = Debug|Any CPU
		Release|Any CPU = Release|Any CPU
	EndGlobalSection
	GlobalSection(ProjectConfigurationPlatforms) = postSolution
		{D69B32AD-35D4-4325-B00C-FFD0CB5595CE}.Debug|Any CPU.ActiveCfg = Debug|Any CPU
		{D69B32AD-35D4-4325-B00C-FFD0CB5595CE}.Debug|Any CPU.Build.0 = Debug|Any CPU
		{D69B32AD-35D4-4325-B00C-FFD0CB5595CE}.Release|Any CPU.ActiveCfg = Release|Any CPU
		{D69B32AD-35D4-4325-B00C-FFD0CB5595CE}.Release|Any CPU.Build.0 = Release|Any CPU
		{48FD1138-7F17-4442-AD72-E1B1BD7609D8}.Debug|Any CPU.ActiveCfg = Debug|Any CPU
		{48FD1138-7F17-4442-AD72-E1B1BD7609D8}.Debug|Any CPU.Build.0 = Debug|Any CPU
		{48FD1138-7F17-4442-AD72-E1B1BD7609D8}.Release|Any CPU.ActiveCfg = Release|Any CPU
		{48FD1138-7F17-4442-AD72-E1B1BD7609D8}.Release|Any CPU.Build.0 = Release|Any CPU
		{AB3A570C-34D5-46AC-A44A-38476CF0F26B}.Debug|Any CPU.ActiveCfg = Debug|Any CPU
		{AB3A570C-34D5-46AC-A44A-38476CF0F26B}.Debug|Any CPU.Build.0 = Debug|Any CPU
		{AB3A570C-34D5-46AC-A44A-38476CF0F26B}.Release|Any CPU.ActiveCfg = Release|Any CPU
		{AB3A570C-34D5-46AC-A44A-38476CF0F26B}.Release|Any CPU.Build.0 = Release|Any CPU
		{7D73E291-7AD8-4ED4-BDA6-B595233A4414}.Debug|Any CPU.ActiveCfg = Debug|Any CPU
		{7D73E291-7AD8-4ED4-BDA6-B595233A4414}.Debug|Any CPU.Build.0 = Debug|Any CPU
		{7D73E291-7AD8-4ED4-BDA6-B595233A4414}.Release|Any CPU.ActiveCfg = Release|Any CPU
		{7D73E291-7AD8-4ED4-BDA6-B595233A4414}.Release|Any CPU.Build.0 = Release|Any CPU
		{A89CBA30-3898-4698-8656-4BF8DC34E2B7}.Debug|Any CPU.ActiveCfg = Debug|Any CPU
		{A89CBA30-3898-4698-8656-4BF8DC34E2B7}.Debug|Any CPU.Build.0 = Debug|Any CPU
		{A89CBA30-3898-4698-8656-4BF8DC34E2B7}.Release|Any CPU.ActiveCfg = Release|Any CPU
		{A89CBA30-3898-4698-8656-4BF8DC34E2B7}.Release|Any CPU.Build.0 = Release|Any CPU
		{96EB91C7-AEDA-4299-8D1B-D644BD0B9758}.Debug|Any CPU.ActiveCfg = Debug|Any CPU
		{96EB91C7-AEDA-4299-8D1B-D644BD0B9758}.Debug|Any CPU.Build.0 = Debug|Any CPU
		{96EB91C7-AEDA-4299-8D1B-D644BD0B9758}.Release|Any CPU.ActiveCfg = Release|Any CPU
		{96EB91C7-AEDA-4299-8D1B-D644BD0B9758}.Release|Any CPU.Build.0 = Release|Any CPU
		{C9ADE6F2-A129-43EA-9797-9AED53A2E2C9}.Debug|Any CPU.ActiveCfg = Debug|Any CPU
		{C9ADE6F2-A129-43EA-9797-9AED53A2E2C9}.Debug|Any CPU.Build.0 = Debug|Any CPU
		{C9ADE6F2-A129-43EA-9797-9AED53A2E2C9}.Release|Any CPU.ActiveCfg = Release|Any CPU
		{C9ADE6F2-A129-43EA-9797-9AED53A2E2C9}.Release|Any CPU.Build.0 = Release|Any CPU
		{353991FA-0C86-4B2E-ABA4-A485C0067058}.Debug|Any CPU.ActiveCfg = Debug|Any CPU
		{353991FA-0C86-4B2E-ABA4-A485C0067058}.Debug|Any CPU.Build.0 = Debug|Any CPU
		{353991FA-0C86-4B2E-ABA4-A485C0067058}.Release|Any CPU.ActiveCfg = Release|Any CPU
		{353991FA-0C86-4B2E-ABA4-A485C0067058}.Release|Any CPU.Build.0 = Release|Any CPU
		{624E551A-CEF9-49D7-B9AA-6CDE84F37EF1}.Debug|Any CPU.ActiveCfg = Debug|Any CPU
		{624E551A-CEF9-49D7-B9AA-6CDE84F37EF1}.Debug|Any CPU.Build.0 = Debug|Any CPU
		{624E551A-CEF9-49D7-B9AA-6CDE84F37EF1}.Release|Any CPU.ActiveCfg = Release|Any CPU
		{624E551A-CEF9-49D7-B9AA-6CDE84F37EF1}.Release|Any CPU.Build.0 = Release|Any CPU
		{6CB40843-B6AA-46BC-A653-3C7B3C7A1FFC}.Debug|Any CPU.ActiveCfg = Debug|Any CPU
		{6CB40843-B6AA-46BC-A653-3C7B3C7A1FFC}.Debug|Any CPU.Build.0 = Debug|Any CPU
		{6CB40843-B6AA-46BC-A653-3C7B3C7A1FFC}.Release|Any CPU.ActiveCfg = Release|Any CPU
		{6CB40843-B6AA-46BC-A653-3C7B3C7A1FFC}.Release|Any CPU.Build.0 = Release|Any CPU
	EndGlobalSection
	GlobalSection(SolutionProperties) = preSolution
		HideSolutionNode = FALSE
	EndGlobalSection
	GlobalSection(NestedProjects) = preSolution
		{7B8A4F01-1CC6-4766-BE42-B898D9556C1B} = {7A0E3B42-39C8-4B8C-B62D-FD5A1B667415}
		{D69B32AD-35D4-4325-B00C-FFD0CB5595CE} = {7B8A4F01-1CC6-4766-BE42-B898D9556C1B}
		{32CF042C-A0D0-4F7B-8FBE-8B285420F2D1} = {7A0E3B42-39C8-4B8C-B62D-FD5A1B667415}
		{48FD1138-7F17-4442-AD72-E1B1BD7609D8} = {32CF042C-A0D0-4F7B-8FBE-8B285420F2D1}
		{E8F95CFC-4A3A-4C8A-B3AF-34EFA3C639AC} = {7A0E3B42-39C8-4B8C-B62D-FD5A1B667415}
		{AB3A570C-34D5-46AC-A44A-38476CF0F26B} = {E8F95CFC-4A3A-4C8A-B3AF-34EFA3C639AC}
		{7D73E291-7AD8-4ED4-BDA6-B595233A4414} = {E8F95CFC-4A3A-4C8A-B3AF-34EFA3C639AC}
		{80B47DA9-1901-4C8F-916A-BEF2E2657AEE} = {7A0E3B42-39C8-4B8C-B62D-FD5A1B667415}
		{A89CBA30-3898-4698-8656-4BF8DC34E2B7} = {80B47DA9-1901-4C8F-916A-BEF2E2657AEE}
		{96EB91C7-AEDA-4299-8D1B-D644BD0B9758} = {80B47DA9-1901-4C8F-916A-BEF2E2657AEE}
		{C9ADE6F2-A129-43EA-9797-9AED53A2E2C9} = {80B47DA9-1901-4C8F-916A-BEF2E2657AEE}
		{353991FA-0C86-4B2E-ABA4-A485C0067058} = {80B47DA9-1901-4C8F-916A-BEF2E2657AEE}
		{624E551A-CEF9-49D7-B9AA-6CDE84F37EF1} = {BCFBA318-9479-49FD-AEE6-3982B364E2B8}
		{6CB40843-B6AA-46BC-A653-3C7B3C7A1FFC} = {B2194AFD-4449-4D18-8AA6-34AC0FBBC675}
	EndGlobalSection
	GlobalSection(ExtensibilityGlobals) = postSolution
		SolutionGuid = {AAE004AE-7A21-4E88-B671-0BB28986C5DD}
	EndGlobalSection
EndGlobal
